<?xml version="1.0" encoding="UTF-8"?>
<Scheme
   LastUpgradeVersion = "1240"
   version = "1.3">
   <BuildAction
      parallelizeBuildables = "YES"
      buildImplicitDependencies = "YES">
      <BuildActionEntries>
         <BuildActionEntry
            buildForTesting = "YES"
            buildForRunning = "YES"
            buildForProfiling = "YES"
            buildForArchiving = "YES"
            buildForAnalyzing = "YES">
            <BuildableReference
               BuildableIdentifier = "primary"
               BlueprintIdentifier = "FAF8129728708E9D005A559A"
               BuildableName = "PhotoGalleryClean.app"
               BlueprintName = "PhotoGalleryClean"
               ReferencedContainer = "container:PhotoGalleryClean.xcodeproj">
            </BuildableReference>
         </BuildActionEntry>
      </BuildActionEntries>
   </BuildAction>
   <TestAction
      buildConfiguration = "Debug"
      selectedDebuggerIdentifier = "Xcode.DebuggerFoundation.Debugger.LLDB"
      selectedLauncherIdentifier = "Xcode.DebuggerFoundation.Launcher.LLDB"
      shouldUseLaunchSchemeArgsEnv = "YES">
      <Testables>
         <TestableReference
            skipped = "NO">
            <BuildableReference
               BuildableIdentifier = "primary"
               BlueprintIdentifier = "FAC8204828980591004EDD57"
               BuildableName = "PhotoGalleryCleanTests.xctest"
               BlueprintName = "PhotoGalleryCleanTests"
               ReferencedContainer = "container:PhotoGalleryClean.xcodeproj">
            </BuildableReference>
         </TestableReference>
         <TestableReference
            skipped = "NO">
            <BuildableReference
               BuildableIdentifier = "primary"
               BlueprintIdentifier = "FA7A8ADE289947C000E525B5"
               BuildableName = "PhotoGalleryCleanUITests.xctest"
               BlueprintName = "PhotoGalleryCleanUITests"
               ReferencedContainer = "container:PhotoGalleryClean.xcodeproj">
            </BuildableReference>
         </TestableReference>
         <TestableReference
            skipped = "NO">
            <BuildableReference
               BuildableIdentifier = "primary"
               BlueprintIdentifier = "FA7A8AC22899446600E525B5"
               BuildableName = "PhotoGalleryCleanUnitTestUITests.xctest"
               BlueprintName = "PhotoGalleryCleanUnitTestUITests"
               ReferencedContainer = "container:PhotoGalleryClean.xcodeproj">
            </BuildableReference>
         </TestableReference>
         <TestableReference
            skipped = "NO">
            <BuildableReference
               BuildableIdentifier = "primary"
               BlueprintIdentifier = "FA7A8B0828994A4400E525B5"
               BuildableName = "PhotoGalleryCleanUnitTests.xctest"
               BlueprintName = "PhotoGalleryCleanUnitTests"
               ReferencedContainer = "container:PhotoGalleryClean.xcodeproj">
            </BuildableReference>
         </TestableReference>
      </Testables>
   </TestAction>
   <LaunchAction
      buildConfiguration = "Debug"
      selectedDebuggerIdentifier = "Xcode.DebuggerFoundation.Debugger.LLDB"
      selectedLauncherIdentifier = "Xcode.DebuggerFoundation.Launcher.LLDB"
      launchStyle = "0"
      useCustomWorkingDirectory = "NO"
      ignoresPersistentStateOnLaunch = "NO"
      debugDocumentVersioning = "YES"
      debugServiceExtension = "internal"
      allowLocationSimulation = "YES">
      <BuildableProductRunnable
         runnableDebuggingMode = "0">
         <BuildableReference
            BuildableIdentifier = "primary"
            BlueprintIdentifier = "FAF8129728708E9D005A559A"
            BuildableName = "PhotoGalleryClean.app"
            BlueprintName = "PhotoGalleryClean"
            ReferencedContainer = "container:PhotoGalleryClean.xcodeproj">
         </BuildableReference>
      </BuildableProductRunnable>
   </LaunchAction>
   <ProfileAction
      buildConfiguration = "Release"
      shouldUseLaunchSchemeArgsEnv = "YES"
      savedToolIdentifier = ""
      useCustomWorkingDirectory = "NO"
      debugDocumentVersioning = "YES">
      <BuildableProductRunnable
         runnableDebuggingMode = "0">
         <BuildableReference
            BuildableIdentifier = "primary"
            BlueprintIdentifier = "FAF8129728708E9D005A559A"
            BuildableName = "PhotoGalleryClean.app"
            BlueprintName = "PhotoGalleryClean"
            ReferencedContainer = "container:PhotoGalleryClean.xcodeproj">
         </BuildableReference>
      </BuildableProductRunnable>
   </ProfileAction>
   <AnalyzeAction
      buildConfiguration = "Debug">
   </AnalyzeAction>
   <ArchiveAction
      buildConfiguration = "Release"
      revealArchiveInOrganizer = "YES">
   </ArchiveAction>
</Scheme>
